// !$*UTF8*$!
{
	archiveVersion = 1;
	classes = {
	};
	objectVersion = 46;
	objects = {

/* Begin PBXBuildFile section */
		111B66D5168D625800655CB6 /* libFmodex.a in Frameworks */ = {isa = PBXBuildFile; fileRef = 111B66CB168D625800655CB6 /* libFmodex.a */; };
		111B66D8168D625800655CB6 /* libRankNet.a in Frameworks */ = {isa = PBXBuildFile; fileRef = 111B66D1168D625800655CB6 /* libRankNet.a */; };
		111B66D9168D625800655CB6 /* libspeex.a in Frameworks */ = {isa = PBXBuildFile; fileRef = 111B66D3168D625800655CB6 /* libspeex.a */; };
		111B66DA168D625800655CB6 /* libspeexdsp.a in Frameworks */ = {isa = PBXBuildFile; fileRef = 111B66D4168D625800655CB6 /* libspeexdsp.a */; };
		111B66DC168D628200655CB6 /* testSendCase.cpp in Sources */ = {isa = PBXBuildFile; fileRef = 111B66DB168D628200655CB6 /* testSendCase.cpp */; };
		111B66DE168D62C500655CB6 /* AudioToolbox.framework in Frameworks */ = {isa = PBXBuildFile; fileRef = 111B66DD168D62C500655CB6 /* AudioToolbox.framework */; };
		111B66FA168D67B700655CB6 /* AudioUnit.framework in Frameworks */ = {isa = PBXBuildFile; fileRef = 111B66F9168D67B700655CB6 /* AudioUnit.framework */; };
		111B66FC168D67CB00655CB6 /* Foundation.framework in Frameworks */ = {isa = PBXBuildFile; fileRef = 111B66FB168D67CB00655CB6 /* Foundation.framework */; };
		111B6702168D745700655CB6 /* CoreAudio.framework in Frameworks */ = {isa = PBXBuildFile; fileRef = 111B6701168D745700655CB6 /* CoreAudio.framework */; };
		111B6715168D9A4C00655CB6 /* libfmodex.dylib in Frameworks */ = {isa = PBXBuildFile; fileRef = 111B6714168D9A4C00655CB6 /* libfmodex.dylib */; };
		111B671B168D9B1E00655CB6 /* libminiupnp.a in Frameworks */ = {isa = PBXBuildFile; fileRef = 111B671A168D9B1E00655CB6 /* libminiupnp.a */; };
		111B6725168D9F7500655CB6 /* libNatworkEngineApi.a in Frameworks */ = {isa = PBXBuildFile; fileRef = 111B6724168D9F7500655CB6 /* libNatworkEngineApi.a */; };
/* End PBXBuildFile section */

/* Begin PBXCopyFilesBuildPhase section */
		585961911681A8F7005D11BC /* CopyFiles */ = {
			isa = PBXCopyFilesBuildPhase;
			buildActionMask = 2147483647;
			dstPath = /usr/share/man/man1/;
			dstSubfolderSpec = 0;
			files = (
			);
			runOnlyForDeploymentPostprocessing = 1;
		};
/* End PBXCopyFilesBuildPhase section */

/* Begin PBXFileReference section */
		111B6602168D625800655CB6 /* fmod.h */ = {isa = PBXFileReference; fileEncoding = 4; lastKnownFileType = sourcecode.c.h; path = fmod.h; sourceTree = "<group>"; };
		111B6603168D625800655CB6 /* fmod.hpp */ = {isa = PBXFileReference; fileEncoding = 4; lastKnownFileType = sourcecode.cpp.h; path = fmod.hpp; sourceTree = "<group>"; };
		111B6604168D625800655CB6 /* fmod_codec.h */ = {isa = PBXFileReference; fileEncoding = 4; lastKnownFileType = sourcecode.c.h; path = fmod_codec.h; sourceTree = "<group>"; };
		111B6605168D625800655CB6 /* fmod_dsp.h */ = {isa = PBXFileReference; fileEncoding = 4; lastKnownFileType = sourcecode.c.h; path = fmod_dsp.h; sourceTree = "<group>"; };
		111B6606168D625800655CB6 /* fmod_errors.h */ = {isa = PBXFileReference; fileEncoding = 4; lastKnownFileType = sourcecode.c.h; path = fmod_errors.h; sourceTree = "<group>"; };
		111B6607168D625800655CB6 /* fmod_memoryinfo.h */ = {isa = PBXFileReference; fileEncoding = 4; lastKnownFileType = sourcecode.c.h; path = fmod_memoryinfo.h; sourceTree = "<group>"; };
		111B6608168D625800655CB6 /* fmod_output.h */ = {isa = PBXFileReference; fileEncoding = 4; lastKnownFileType = sourcecode.c.h; path = fmod_output.h; sourceTree = "<group>"; };
		111B6609168D625800655CB6 /* fmodiphone.h */ = {isa = PBXFileReference; fileEncoding = 4; lastKnownFileType = sourcecode.c.h; path = fmodiphone.h; sourceTree = "<group>"; };
		111B660B168D625800655CB6 /* bsdqueue.h */ = {isa = PBXFileReference; fileEncoding = 4; lastKnownFileType = sourcecode.c.h; path = bsdqueue.h; sourceTree = "<group>"; };
		111B660C168D625800655CB6 /* codelength.h */ = {isa = PBXFileReference; fileEncoding = 4; lastKnownFileType = sourcecode.c.h; path = codelength.h; sourceTree = "<group>"; };
		111B660D168D625800655CB6 /* connecthostport.h */ = {isa = PBXFileReference; fileEncoding = 4; lastKnownFileType = sourcecode.c.h; path = connecthostport.h; sourceTree = "<group>"; };
		111B660E168D625800655CB6 /* declspec.h */ = {isa = PBXFileReference; fileEncoding = 4; lastKnownFileType = sourcecode.c.h; path = declspec.h; sourceTree = "<group>"; };
		111B660F168D625800655CB6 /* igd_desc_parse.h */ = {isa = PBXFileReference; fileEncoding = 4; lastKnownFileType = sourcecode.c.h; path = igd_desc_parse.h; sourceTree = "<group>"; };
		111B6610168D625800655CB6 /* minisoap.h */ = {isa = PBXFileReference; fileEncoding = 4; lastKnownFileType = sourcecode.c.h; path = minisoap.h; sourceTree = "<group>"; };
		111B6611168D625800655CB6 /* minissdpc.h */ = {isa = PBXFileReference; fileEncoding = 4; lastKnownFileType = sourcecode.c.h; path = minissdpc.h; sourceTree = "<group>"; };
		111B6612168D625800655CB6 /* miniupnpc.h */ = {isa = PBXFileReference; fileEncoding = 4; lastKnownFileType = sourcecode.c.h; path = miniupnpc.h; sourceTree = "<group>"; };
		111B6613168D625800655CB6 /* miniupnpctypes.h */ = {isa = PBXFileReference; fileEncoding = 4; lastKnownFileType = sourcecode.c.h; path = miniupnpctypes.h; sourceTree = "<group>"; };
		111B6614168D625800655CB6 /* miniwget.h */ = {isa = PBXFileReference; fileEncoding = 4; lastKnownFileType = sourcecode.c.h; path = miniwget.h; sourceTree = "<group>"; };
		111B6615168D625800655CB6 /* minixml.h */ = {isa = PBXFileReference; fileEncoding = 4; lastKnownFileType = sourcecode.c.h; path = minixml.h; sourceTree = "<group>"; };
		111B6616168D625800655CB6 /* portlistingparse.h */ = {isa = PBXFileReference; fileEncoding = 4; lastKnownFileType = sourcecode.c.h; path = portlistingparse.h; sourceTree = "<group>"; };
		111B6617168D625800655CB6 /* receivedata.h */ = {isa = PBXFileReference; fileEncoding = 4; lastKnownFileType = sourcecode.c.h; path = receivedata.h; sourceTree = "<group>"; };
		111B6618168D625800655CB6 /* upnpcommands.h */ = {isa = PBXFileReference; fileEncoding = 4; lastKnownFileType = sourcecode.c.h; path = upnpcommands.h; sourceTree = "<group>"; };
		111B6619168D625800655CB6 /* upnperrors.h */ = {isa = PBXFileReference; fileEncoding = 4; lastKnownFileType = sourcecode.c.h; path = upnperrors.h; sourceTree = "<group>"; };
		111B661A168D625800655CB6 /* upnpreplyparse.h */ = {isa = PBXFileReference; fileEncoding = 4; lastKnownFileType = sourcecode.c.h; path = upnpreplyparse.h; sourceTree = "<group>"; };
		111B661C168D625800655CB6 /* communicationProtocol.h */ = {isa = PBXFileReference; fileEncoding = 4; lastKnownFileType = sourcecode.c.h; path = communicationProtocol.h; sourceTree = "<group>"; };
		111B661D168D625800655CB6 /* debug.h */ = {isa = PBXFileReference; fileEncoding = 4; lastKnownFileType = sourcecode.c.h; path = debug.h; sourceTree = "<group>"; };
		111B661E168D625800655CB6 /* errorNumber.h */ = {isa = PBXFileReference; fileEncoding = 4; lastKnownFileType = sourcecode.c.h; path = errorNumber.h; sourceTree = "<group>"; };
		111B661F168D625800655CB6 /* FMODVoiceAdapter.h */ = {isa = PBXFileReference; fileEncoding = 4; lastKnownFileType = sourcecode.c.h; path = FMODVoiceAdapter.h; sourceTree = "<group>"; };
		111B6620168D625800655CB6 /* globalAPI.h */ = {isa = PBXFileReference; fileEncoding = 4; lastKnownFileType = sourcecode.c.h; path = globalAPI.h; sourceTree = "<group>"; };
		111B6621168D625800655CB6 /* privateDefine.h */ = {isa = PBXFileReference; fileEncoding = 4; lastKnownFileType = sourcecode.c.h; path = privateDefine.h; sourceTree = "<group>"; };
		111B6622168D625800655CB6 /* UMainControler.h */ = {isa = PBXFileReference; fileEncoding = 4; lastKnownFileType = sourcecode.c.h; path = UMainControler.h; sourceTree = "<group>"; };
		111B6623168D625800655CB6 /* UPacketProcessor.h */ = {isa = PBXFileReference; fileEncoding = 4; lastKnownFileType = sourcecode.c.h; path = UPacketProcessor.h; sourceTree = "<group>"; };
		111B6624168D625800655CB6 /* usrConfigDefine.h */ = {isa = PBXFileReference; fileEncoding = 4; lastKnownFileType = sourcecode.c.h; path = usrConfigDefine.h; sourceTree = "<group>"; };
		111B6626168D625800655CB6 /* _FindFirst.h */ = {isa = PBXFileReference; fileEncoding = 4; lastKnownFileType = sourcecode.c.h; path = _FindFirst.h; sourceTree = "<group>"; };
		111B6627168D625800655CB6 /* AutopatcherPatchContext.h */ = {isa = PBXFileReference; fileEncoding = 4; lastKnownFileType = sourcecode.c.h; path = AutopatcherPatchContext.h; sourceTree = "<group>"; };
		111B6628168D625800655CB6 /* AutopatcherRepositoryInterface.h */ = {isa = PBXFileReference; fileEncoding = 4; lastKnownFileType = sourcecode.c.h; path = AutopatcherRepositoryInterface.h; sourceTree = "<group>"; };
		111B6629168D625800655CB6 /* BitStream.h */ = {isa = PBXFileReference; fileEncoding = 4; lastKnownFileType = sourcecode.c.h; path = BitStream.h; sourceTree = "<group>"; };
		111B662A168D625800655CB6 /* CCRakNetSlidingWindow.h */ = {isa = PBXFileReference; fileEncoding = 4; lastKnownFileType = sourcecode.c.h; path = CCRakNetSlidingWindow.h; sourceTree = "<group>"; };
		111B662B168D625800655CB6 /* CCRakNetUDT.h */ = {isa = PBXFileReference; fileEncoding = 4; lastKnownFileType = sourcecode.c.h; path = CCRakNetUDT.h; sourceTree = "<group>"; };
		111B662C168D625800655CB6 /* CheckSum.h */ = {isa = PBXFileReference; fileEncoding = 4; lastKnownFileType = sourcecode.c.h; path = CheckSum.h; sourceTree = "<group>"; };
		111B662D168D625800655CB6 /* CloudClient.h */ = {isa = PBXFileReference; fileEncoding = 4; lastKnownFileType = sourcecode.c.h; path = CloudClient.h; sourceTree = "<group>"; };
		111B662E168D625800655CB6 /* CloudCommon.h */ = {isa = PBXFileReference; fileEncoding = 4; lastKnownFileType = sourcecode.c.h; path = CloudCommon.h; sourceTree = "<group>"; };
		111B662F168D625800655CB6 /* CloudServer.h */ = {isa = PBXFileReference; fileEncoding = 4; lastKnownFileType = sourcecode.c.h; path = CloudServer.h; sourceTree = "<group>"; };
		111B6630168D625800655CB6 /* CommandParserInterface.h */ = {isa = PBXFileReference; fileEncoding = 4; lastKnownFileType = sourcecode.c.h; path = CommandParserInterface.h; sourceTree = "<group>"; };
		111B6631168D625800655CB6 /* ConnectionGraph2.h */ = {isa = PBXFileReference; fileEncoding = 4; lastKnownFileType = sourcecode.c.h; path = ConnectionGraph2.h; sourceTree = "<group>"; };
		111B6632168D625800655CB6 /* ConsoleServer.h */ = {isa = PBXFileReference; fileEncoding = 4; lastKnownFileType = sourcecode.c.h; path = ConsoleServer.h; sourceTree = "<group>"; };
		111B6633168D625800655CB6 /* DataCompressor.h */ = {isa = PBXFileReference; fileEncoding = 4; lastKnownFileType = sourcecode.c.h; path = DataCompressor.h; sourceTree = "<group>"; };
		111B6634168D625800655CB6 /* DirectoryDeltaTransfer.h */ = {isa = PBXFileReference; fileEncoding = 4; lastKnownFileType = sourcecode.c.h; path = DirectoryDeltaTransfer.h; sourceTree = "<group>"; };
		111B6635168D625800655CB6 /* DS_BinarySearchTree.h */ = {isa = PBXFileReference; fileEncoding = 4; lastKnownFileType = sourcecode.c.h; path = DS_BinarySearchTree.h; sourceTree = "<group>"; };
		111B6636168D625800655CB6 /* DS_BPlusTree.h */ = {isa = PBXFileReference; fileEncoding = 4; lastKnownFileType = sourcecode.c.h; path = DS_BPlusTree.h; sourceTree = "<group>"; };
		111B6637168D625800655CB6 /* DS_BytePool.h */ = {isa = PBXFileReference; fileEncoding = 4; lastKnownFileType = sourcecode.c.h; path = DS_BytePool.h; sourceTree = "<group>"; };
		111B6638168D625800655CB6 /* DS_ByteQueue.h */ = {isa = PBXFileReference; fileEncoding = 4; lastKnownFileType = sourcecode.c.h; path = DS_ByteQueue.h; sourceTree = "<group>"; };
		111B6639168D625800655CB6 /* DS_Hash.h */ = {isa = PBXFileReference; fileEncoding = 4; lastKnownFileType = sourcecode.c.h; path = DS_Hash.h; sourceTree = "<group>"; };
		111B663A168D625800655CB6 /* DS_Heap.h */ = {isa = PBXFileReference; fileEncoding = 4; lastKnownFileType = sourcecode.c.h; path = DS_Heap.h; sourceTree = "<group>"; };
		111B663B168D625800655CB6 /* DS_HuffmanEncodingTree.h */ = {isa = PBXFileReference; fileEncoding = 4; lastKnownFileType = sourcecode.c.h; path = DS_HuffmanEncodingTree.h; sourceTree = "<group>"; };
		111B663C168D625800655CB6 /* DS_HuffmanEncodingTreeFactory.h */ = {isa = PBXFileReference; fileEncoding = 4; lastKnownFileType = sourcecode.c.h; path = DS_HuffmanEncodingTreeFactory.h; sourceTree = "<group>"; };
		111B663D168D625800655CB6 /* DS_HuffmanEncodingTreeNode.h */ = {isa = PBXFileReference; fileEncoding = 4; lastKnownFileType = sourcecode.c.h; path = DS_HuffmanEncodingTreeNode.h; sourceTree = "<group>"; };
		111B663E168D625800655CB6 /* DS_LinkedList.h */ = {isa = PBXFileReference; fileEncoding = 4; lastKnownFileType = sourcecode.c.h; path = DS_LinkedList.h; sourceTree = "<group>"; };
		111B663F168D625800655CB6 /* DS_List.h */ = {isa = PBXFileReference; fileEncoding = 4; lastKnownFileType = sourcecode.c.h; path = DS_List.h; sourceTree = "<group>"; };
		111B6640168D625800655CB6 /* DS_Map.h */ = {isa = PBXFileReference; fileEncoding = 4; lastKnownFileType = sourcecode.c.h; path = DS_Map.h; sourceTree = "<group>"; };
		111B6641168D625800655CB6 /* DS_MemoryPool.h */ = {isa = PBXFileReference; fileEncoding = 4; lastKnownFileType = sourcecode.c.h; path = DS_MemoryPool.h; sourceTree = "<group>"; };
		111B6642168D625800655CB6 /* DS_Multilist.h */ = {isa = PBXFileReference; fileEncoding = 4; lastKnownFileType = sourcecode.c.h; path = DS_Multilist.h; sourceTree = "<group>"; };
		111B6643168D625800655CB6 /* DS_OrderedChannelHeap.h */ = {isa = PBXFileReference; fileEncoding = 4; lastKnownFileType = sourcecode.c.h; path = DS_OrderedChannelHeap.h; sourceTree = "<group>"; };
		111B6644168D625800655CB6 /* DS_OrderedList.h */ = {isa = PBXFileReference; fileEncoding = 4; lastKnownFileType = sourcecode.c.h; path = DS_OrderedList.h; sourceTree = "<group>"; };
		111B6645168D625800655CB6 /* DS_Queue.h */ = {isa = PBXFileReference; fileEncoding = 4; lastKnownFileType = sourcecode.c.h; path = DS_Queue.h; sourceTree = "<group>"; };
		111B6646168D625800655CB6 /* DS_QueueLinkedList.h */ = {isa = PBXFileReference; fileEncoding = 4; lastKnownFileType = sourcecode.c.h; path = DS_QueueLinkedList.h; sourceTree = "<group>"; };
		111B6647168D625800655CB6 /* DS_RangeList.h */ = {isa = PBXFileReference; fileEncoding = 4; lastKnownFileType = sourcecode.c.h; path = DS_RangeList.h; sourceTree = "<group>"; };
		111B6648168D625800655CB6 /* DS_Table.h */ = {isa = PBXFileReference; fileEncoding = 4; lastKnownFileType = sourcecode.c.h; path = DS_Table.h; sourceTree = "<group>"; };
		111B6649168D625800655CB6 /* DS_ThreadsafeAllocatingQueue.h */ = {isa = PBXFileReference; fileEncoding = 4; lastKnownFileType = sourcecode.c.h; path = DS_ThreadsafeAllocatingQueue.h; sourceTree = "<group>"; };
		111B664A168D625800655CB6 /* DS_Tree.h */ = {isa = PBXFileReference; fileEncoding = 4; lastKnownFileType = sourcecode.c.h; path = DS_Tree.h; sourceTree = "<group>"; };
		111B664B168D625800655CB6 /* DS_WeightedGraph.h */ = {isa = PBXFileReference; fileEncoding = 4; lastKnownFileType = sourcecode.c.h; path = DS_WeightedGraph.h; sourceTree = "<group>"; };
		111B664C168D625800655CB6 /* DynDNS.h */ = {isa = PBXFileReference; fileEncoding = 4; lastKnownFileType = sourcecode.c.h; path = DynDNS.h; sourceTree = "<group>"; };
		111B664D168D625800655CB6 /* EmailSender.h */ = {isa = PBXFileReference; fileEncoding = 4; lastKnownFileType = sourcecode.c.h; path = EmailSender.h; sourceTree = "<group>"; };
		111B664E168D625800655CB6 /* EpochTimeToString.h */ = {isa = PBXFileReference; fileEncoding = 4; lastKnownFileType = sourcecode.c.h; path = EpochTimeToString.h; sourceTree = "<group>"; };
		111B664F168D625800655CB6 /* Export.h */ = {isa = PBXFileReference; fileEncoding = 4; lastKnownFileType = sourcecode.c.h; path = Export.h; sourceTree = "<group>"; };
		111B6650168D625800655CB6 /* FileList.h */ = {isa = PBXFileReference; fileEncoding = 4; lastKnownFileType = sourcecode.c.h; path = FileList.h; sourceTree = "<group>"; };
		111B6651168D625800655CB6 /* FileListNodeContext.h */ = {isa = PBXFileReference; fileEncoding = 4; lastKnownFileType = sourcecode.c.h; path = FileListNodeContext.h; sourceTree = "<group>"; };
		111B6652168D625800655CB6 /* FileListTransfer.h */ = {isa = PBXFileReference; fileEncoding = 4; lastKnownFileType = sourcecode.c.h; path = FileListTransfer.h; sourceTree = "<group>"; };
		111B6653168D625800655CB6 /* FileListTransferCBInterface.h */ = {isa = PBXFileReference; fileEncoding = 4; lastKnownFileType = sourcecode.c.h; path = FileListTransferCBInterface.h; sourceTree = "<group>"; };
		111B6654168D625800655CB6 /* FileOperations.h */ = {isa = PBXFileReference; fileEncoding = 4; lastKnownFileType = sourcecode.c.h; path = FileOperations.h; sourceTree = "<group>"; };
		111B6655168D625800655CB6 /* FormatString.h */ = {isa = PBXFileReference; fileEncoding = 4; lastKnownFileType = sourcecode.c.h; path = FormatString.h; sourceTree = "<group>"; };
		111B6656168D625800655CB6 /* FullyConnectedMesh2.h */ = {isa = PBXFileReference; fileEncoding = 4; lastKnownFileType = sourcecode.c.h; path = FullyConnectedMesh2.h; sourceTree = "<group>"; };
		111B6657168D625800655CB6 /* Getche.h */ = {isa = PBXFileReference; fileEncoding = 4; lastKnownFileType = sourcecode.c.h; path = Getche.h; sourceTree = "<group>"; };
		111B6658168D625800655CB6 /* Gets.h */ = {isa = PBXFileReference; fileEncoding = 4; lastKnownFileType = sourcecode.c.h; path = Gets.h; sourceTree = "<group>"; };
		111B6659168D625800655CB6 /* GetTime.h */ = {isa = PBXFileReference; fileEncoding = 4; lastKnownFileType = sourcecode.c.h; path = GetTime.h; sourceTree = "<group>"; };
		111B665A168D625800655CB6 /* gettimeofday.h */ = {isa = PBXFileReference; fileEncoding = 4; lastKnownFileType = sourcecode.c.h; path = gettimeofday.h; sourceTree = "<group>"; };
		111B665B168D625800655CB6 /* GridSectorizer.h */ = {isa = PBXFileReference; fileEncoding = 4; lastKnownFileType = sourcecode.c.h; path = GridSectorizer.h; sourceTree = "<group>"; };
		111B665C168D625800655CB6 /* HTTPConnection.h */ = {isa = PBXFileReference; fileEncoding = 4; lastKnownFileType = sourcecode.c.h; path = HTTPConnection.h; sourceTree = "<group>"; };
		111B665D168D625800655CB6 /* IncrementalReadInterface.h */ = {isa = PBXFileReference; fileEncoding = 4; lastKnownFileType = sourcecode.c.h; path = IncrementalReadInterface.h; sourceTree = "<group>"; };
		111B665E168D625800655CB6 /* InternalPacket.h */ = {isa = PBXFileReference; fileEncoding = 4; lastKnownFileType = sourcecode.c.h; path = InternalPacket.h; sourceTree = "<group>"; };
		111B665F168D625800655CB6 /* Itoa.h */ = {isa = PBXFileReference; fileEncoding = 4; lastKnownFileType = sourcecode.c.h; path = Itoa.h; sourceTree = "<group>"; };
		111B6660168D625800655CB6 /* Kbhit.h */ = {isa = PBXFileReference; fileEncoding = 4; lastKnownFileType = sourcecode.c.h; path = Kbhit.h; sourceTree = "<group>"; };
		111B6661168D625800655CB6 /* LinuxStrings.h */ = {isa = PBXFileReference; fileEncoding = 4; lastKnownFileType = sourcecode.c.h; path = LinuxStrings.h; sourceTree = "<group>"; };
		111B6662168D625800655CB6 /* LocklessTypes.h */ = {isa = PBXFileReference; fileEncoding = 4; lastKnownFileType = sourcecode.c.h; path = LocklessTypes.h; sourceTree = "<group>"; };
		111B6663168D625800655CB6 /* LogCommandParser.h */ = {isa = PBXFileReference; fileEncoding = 4; lastKnownFileType = sourcecode.c.h; path = LogCommandParser.h; sourceTree = "<group>"; };
		111B6664168D625800655CB6 /* MessageFilter.h */ = {isa = PBXFileReference; fileEncoding = 4; lastKnownFileType = sourcecode.c.h; path = MessageFilter.h; sourceTree = "<group>"; };
		111B6665168D625800655CB6 /* MessageIdentifiers.h */ = {isa = PBXFileReference; fileEncoding = 4; lastKnownFileType = sourcecode.c.h; path = MessageIdentifiers.h; sourceTree = "<group>"; };
		111B6666168D625800655CB6 /* MTUSize.h */ = {isa = PBXFileReference; fileEncoding = 4; lastKnownFileType = sourcecode.c.h; path = MTUSize.h; sourceTree = "<group>"; };
		111B6667168D625800655CB6 /* NativeFeatureIncludes.h */ = {isa = PBXFileReference; fileEncoding = 4; lastKnownFileType = sourcecode.c.h; path = NativeFeatureIncludes.h; sourceTree = "<group>"; };
		111B6668168D625800655CB6 /* NativeFeatureIncludesOverrides.h */ = {isa = PBXFileReference; fileEncoding = 4; lastKnownFileType = sourcecode.c.h; path = NativeFeatureIncludesOverrides.h; sourceTree = "<group>"; };
		111B6669168D625800655CB6 /* NativeTypes.h */ = {isa = PBXFileReference; fileEncoding = 4; lastKnownFileType = sourcecode.c.h; path = NativeTypes.h; sourceTree = "<group>"; };
		111B666A168D625800655CB6 /* NatPunchthroughClient.h */ = {isa = PBXFileReference; fileEncoding = 4; lastKnownFileType = sourcecode.c.h; path = NatPunchthroughClient.h; sourceTree = "<group>"; };
		111B666B168D625800655CB6 /* NatPunchthroughServer.h */ = {isa = PBXFileReference; fileEncoding = 4; lastKnownFileType = sourcecode.c.h; path = NatPunchthroughServer.h; sourceTree = "<group>"; };
		111B666C168D625800655CB6 /* NatTypeDetectionClient.h */ = {isa = PBXFileReference; fileEncoding = 4; lastKnownFileType = sourcecode.c.h; path = NatTypeDetectionClient.h; sourceTree = "<group>"; };
		111B666D168D625800655CB6 /* NatTypeDetectionCommon.h */ = {isa = PBXFileReference; fileEncoding = 4; lastKnownFileType = sourcecode.c.h; path = NatTypeDetectionCommon.h; sourceTree = "<group>"; };
		111B666E168D625800655CB6 /* NatTypeDetectionServer.h */ = {isa = PBXFileReference; fileEncoding = 4; lastKnownFileType = sourcecode.c.h; path = NatTypeDetectionServer.h; sourceTree = "<group>"; };
		111B666F168D625800655CB6 /* NetworkIDManager.h */ = {isa = PBXFileReference; fileEncoding = 4; lastKnownFileType = sourcecode.c.h; path = NetworkIDManager.h; sourceTree = "<group>"; };
		111B6670168D625800655CB6 /* NetworkIDObject.h */ = {isa = PBXFileReference; fileEncoding = 4; lastKnownFileType = sourcecode.c.h; path = NetworkIDObject.h; sourceTree = "<group>"; };
		111B6671168D625800655CB6 /* PacketConsoleLogger.h */ = {isa = PBXFileReference; fileEncoding = 4; lastKnownFileType = sourcecode.c.h; path = PacketConsoleLogger.h; sourceTree = "<group>"; };
		111B6672168D625800655CB6 /* PacketFileLogger.h */ = {isa = PBXFileReference; fileEncoding = 4; lastKnownFileType = sourcecode.c.h; path = PacketFileLogger.h; sourceTree = "<group>"; };
		111B6673168D625800655CB6 /* PacketizedTCP.h */ = {isa = PBXFileReference; fileEncoding = 4; lastKnownFileType = sourcecode.c.h; path = PacketizedTCP.h; sourceTree = "<group>"; };
		111B6674168D625800655CB6 /* PacketLogger.h */ = {isa = PBXFileReference; fileEncoding = 4; lastKnownFileType = sourcecode.c.h; path = PacketLogger.h; sourceTree = "<group>"; };
		111B6675168D625800655CB6 /* PacketOutputWindowLogger.h */ = {isa = PBXFileReference; fileEncoding = 4; lastKnownFileType = sourcecode.c.h; path = PacketOutputWindowLogger.h; sourceTree = "<group>"; };
		111B6676168D625800655CB6 /* PacketPool.h */ = {isa = PBXFileReference; fileEncoding = 4; lastKnownFileType = sourcecode.c.h; path = PacketPool.h; sourceTree = "<group>"; };
		111B6677168D625800655CB6 /* PacketPriority.h */ = {isa = PBXFileReference; fileEncoding = 4; lastKnownFileType = sourcecode.c.h; path = PacketPriority.h; sourceTree = "<group>"; };
		111B6678168D625800655CB6 /* PluginInterface2.h */ = {isa = PBXFileReference; fileEncoding = 4; lastKnownFileType = sourcecode.c.h; path = PluginInterface2.h; sourceTree = "<group>"; };
		111B6679168D625800655CB6 /* PS3Includes.h */ = {isa = PBXFileReference; fileEncoding = 4; lastKnownFileType = sourcecode.c.h; path = PS3Includes.h; sourceTree = "<group>"; };
		111B667A168D625800655CB6 /* Rackspace.h */ = {isa = PBXFileReference; fileEncoding = 4; lastKnownFileType = sourcecode.c.h; path = Rackspace.h; sourceTree = "<group>"; };
		111B667B168D625800655CB6 /* RakAlloca.h */ = {isa = PBXFileReference; fileEncoding = 4; lastKnownFileType = sourcecode.c.h; path = RakAlloca.h; sourceTree = "<group>"; };
		111B667C168D625800655CB6 /* RakAssert.h */ = {isa = PBXFileReference; fileEncoding = 4; lastKnownFileType = sourcecode.c.h; path = RakAssert.h; sourceTree = "<group>"; };
		111B667D168D625800655CB6 /* RakMemoryOverride.h */ = {isa = PBXFileReference; fileEncoding = 4; lastKnownFileType = sourcecode.c.h; path = RakMemoryOverride.h; sourceTree = "<group>"; };
		111B667E168D625800655CB6 /* RakNetCommandParser.h */ = {isa = PBXFileReference; fileEncoding = 4; lastKnownFileType = sourcecode.c.h; path = RakNetCommandParser.h; sourceTree = "<group>"; };
		111B667F168D625800655CB6 /* RakNetDefines.h */ = {isa = PBXFileReference; fileEncoding = 4; lastKnownFileType = sourcecode.c.h; path = RakNetDefines.h; sourceTree = "<group>"; };
		111B6680168D625800655CB6 /* RakNetDefinesOverrides.h */ = {isa = PBXFileReference; fileEncoding = 4; lastKnownFileType = sourcecode.c.h; path = RakNetDefinesOverrides.h; sourceTree = "<group>"; };
		111B6681168D625800655CB6 /* RakNetSmartPtr.h */ = {isa = PBXFileReference; fileEncoding = 4; lastKnownFileType = sourcecode.c.h; path = RakNetSmartPtr.h; sourceTree = "<group>"; };
		111B6682168D625800655CB6 /* RakNetSocket.h */ = {isa = PBXFileReference; fileEncoding = 4; lastKnownFileType = sourcecode.c.h; path = RakNetSocket.h; sourceTree = "<group>"; };
		111B6683168D625800655CB6 /* RakNetStatistics.h */ = {isa = PBXFileReference; fileEncoding = 4; lastKnownFileType = sourcecode.c.h; path = RakNetStatistics.h; sourceTree = "<group>"; };
		111B6684168D625800655CB6 /* RakNetTime.h */ = {isa = PBXFileReference; fileEncoding = 4; lastKnownFileType = sourcecode.c.h; path = RakNetTime.h; sourceTree = "<group>"; };
		111B6685168D625800655CB6 /* RakNetTransport2.h */ = {isa = PBXFileReference; fileEncoding = 4; lastKnownFileType = sourcecode.c.h; path = RakNetTransport2.h; sourceTree = "<group>"; };
		111B6686168D625800655CB6 /* RakNetTypes.h */ = {isa = PBXFileReference; fileEncoding = 4; lastKnownFileType = sourcecode.c.h; path = RakNetTypes.h; sourceTree = "<group>"; };
		111B6687168D625800655CB6 /* RakNetVersion.h */ = {isa = PBXFileReference; fileEncoding = 4; lastKnownFileType = sourcecode.c.h; path = RakNetVersion.h; sourceTree = "<group>"; };
		111B6688168D625800655CB6 /* RakPeer.h */ = {isa = PBXFileReference; fileEncoding = 4; lastKnownFileType = sourcecode.c.h; path = RakPeer.h; sourceTree = "<group>"; };
		111B6689168D625800655CB6 /* RakPeerInterface.h */ = {isa = PBXFileReference; fileEncoding = 4; lastKnownFileType = sourcecode.c.h; path = RakPeerInterface.h; sourceTree = "<group>"; };
		111B668A168D625800655CB6 /* RakSleep.h */ = {isa = PBXFileReference; fileEncoding = 4; lastKnownFileType = sourcecode.c.h; path = RakSleep.h; sourceTree = "<group>"; };
		111B668B168D625800655CB6 /* RakString.h */ = {isa = PBXFileReference; fileEncoding = 4; lastKnownFileType = sourcecode.c.h; path = RakString.h; sourceTree = "<group>"; };
		111B668C168D625800655CB6 /* RakThread.h */ = {isa = PBXFileReference; fileEncoding = 4; lastKnownFileType = sourcecode.c.h; path = RakThread.h; sourceTree = "<group>"; };
		111B668D168D625800655CB6 /* RakVoice.h */ = {isa = PBXFileReference; fileEncoding = 4; lastKnownFileType = sourcecode.c.h; path = RakVoice.h; sourceTree = "<group>"; };
		111B668E168D625800655CB6 /* RakWString.h */ = {isa = PBXFileReference; fileEncoding = 4; lastKnownFileType = sourcecode.c.h; path = RakWString.h; sourceTree = "<group>"; };
		111B668F168D625800655CB6 /* Rand.h */ = {isa = PBXFileReference; fileEncoding = 4; lastKnownFileType = sourcecode.c.h; path = Rand.h; sourceTree = "<group>"; };
		111B6690168D625800655CB6 /* rdlmalloc-options.h */ = {isa = PBXFileReference; fileEncoding = 4; lastKnownFileType = sourcecode.c.h; path = "rdlmalloc-options.h"; sourceTree = "<group>"; };
		111B6691168D625800655CB6 /* rdlmalloc.h */ = {isa = PBXFileReference; fileEncoding = 4; lastKnownFileType = sourcecode.c.h; path = rdlmalloc.h; sourceTree = "<group>"; };
		111B6692168D625800655CB6 /* ReadyEvent.h */ = {isa = PBXFileReference; fileEncoding = 4; lastKnownFileType = sourcecode.c.h; path = ReadyEvent.h; sourceTree = "<group>"; };
		111B6693168D625800655CB6 /* RefCountedObj.h */ = {isa = PBXFileReference; fileEncoding = 4; lastKnownFileType = sourcecode.c.h; path = RefCountedObj.h; sourceTree = "<group>"; };
		111B6694168D625800655CB6 /* ReliabilityLayer.h */ = {isa = PBXFileReference; fileEncoding = 4; lastKnownFileType = sourcecode.c.h; path = ReliabilityLayer.h; sourceTree = "<group>"; };
		111B6695168D625800655CB6 /* ReplicaEnums.h */ = {isa = PBXFileReference; fileEncoding = 4; lastKnownFileType = sourcecode.c.h; path = ReplicaEnums.h; sourceTree = "<group>"; };
		111B6696168D625800655CB6 /* ReplicaManager3.h */ = {isa = PBXFileReference; fileEncoding = 4; lastKnownFileType = sourcecode.c.h; path = ReplicaManager3.h; sourceTree = "<group>"; };
		111B6697168D625800655CB6 /* Router2.h */ = {isa = PBXFileReference; fileEncoding = 4; lastKnownFileType = sourcecode.c.h; path = Router2.h; sourceTree = "<group>"; };
		111B6698168D625800655CB6 /* RPC4Plugin.h */ = {isa = PBXFileReference; fileEncoding = 4; lastKnownFileType = sourcecode.c.h; path = RPC4Plugin.h; sourceTree = "<group>"; };
		111B6699168D625800655CB6 /* SecureHandshake.h */ = {isa = PBXFileReference; fileEncoding = 4; lastKnownFileType = sourcecode.c.h; path = SecureHandshake.h; sourceTree = "<group>"; };
		111B669A168D625800655CB6 /* SendToThread.h */ = {isa = PBXFileReference; fileEncoding = 4; lastKnownFileType = sourcecode.c.h; path = SendToThread.h; sourceTree = "<group>"; };
		111B669B168D625800655CB6 /* SHA1.h */ = {isa = PBXFileReference; fileEncoding = 4; lastKnownFileType = sourcecode.c.h; path = SHA1.h; sourceTree = "<group>"; };
		111B669C168D625800655CB6 /* SignaledEvent.h */ = {isa = PBXFileReference; fileEncoding = 4; lastKnownFileType = sourcecode.c.h; path = SignaledEvent.h; sourceTree = "<group>"; };
		111B669D168D625800655CB6 /* SimpleMutex.h */ = {isa = PBXFileReference; fileEncoding = 4; lastKnownFileType = sourcecode.c.h; path = SimpleMutex.h; sourceTree = "<group>"; };
		111B669E168D625800655CB6 /* SimpleTCPServer.h */ = {isa = PBXFileReference; fileEncoding = 4; lastKnownFileType = sourcecode.c.h; path = SimpleTCPServer.h; sourceTree = "<group>"; };
		111B669F168D625800655CB6 /* SingleProducerConsumer.h */ = {isa = PBXFileReference; fileEncoding = 4; lastKnownFileType = sourcecode.c.h; path = SingleProducerConsumer.h; sourceTree = "<group>"; };
		111B66A0168D625800655CB6 /* SocketDefines.h */ = {isa = PBXFileReference; fileEncoding = 4; lastKnownFileType = sourcecode.c.h; path = SocketDefines.h; sourceTree = "<group>"; };
		111B66A1168D625800655CB6 /* SocketIncludes.h */ = {isa = PBXFileReference; fileEncoding = 4; lastKnownFileType = sourcecode.c.h; path = SocketIncludes.h; sourceTree = "<group>"; };
		111B66A2168D625800655CB6 /* SocketLayer.h */ = {isa = PBXFileReference; fileEncoding = 4; lastKnownFileType = sourcecode.c.h; path = SocketLayer.h; sourceTree = "<group>"; };
		111B66A3168D625800655CB6 /* StatisticsHistory.h */ = {isa = PBXFileReference; fileEncoding = 4; lastKnownFileType = sourcecode.c.h; path = StatisticsHistory.h; sourceTree = "<group>"; };
		111B66A4168D625800655CB6 /* StringCompressor.h */ = {isa = PBXFileReference; fileEncoding = 4; lastKnownFileType = sourcecode.c.h; path = StringCompressor.h; sourceTree = "<group>"; };
		111B66A5168D625800655CB6 /* StringTable.h */ = {isa = PBXFileReference; fileEncoding = 4; lastKnownFileType = sourcecode.c.h; path = StringTable.h; sourceTree = "<group>"; };
		111B66A6168D625800655CB6 /* SuperFastHash.h */ = {isa = PBXFileReference; fileEncoding = 4; lastKnownFileType = sourcecode.c.h; path = SuperFastHash.h; sourceTree = "<group>"; };
		111B66A7168D625800655CB6 /* TableSerializer.h */ = {isa = PBXFileReference; fileEncoding = 4; lastKnownFileType = sourcecode.c.h; path = TableSerializer.h; sourceTree = "<group>"; };
		111B66A8168D625800655CB6 /* TCPInterface.h */ = {isa = PBXFileReference; fileEncoding = 4; lastKnownFileType = sourcecode.c.h; path = TCPInterface.h; sourceTree = "<group>"; };
		111B66A9168D625800655CB6 /* TeamBalancer.h */ = {isa = PBXFileReference; fileEncoding = 4; lastKnownFileType = sourcecode.c.h; path = TeamBalancer.h; sourceTree = "<group>"; };
		111B66AA168D625800655CB6 /* TeamManager.h */ = {isa = PBXFileReference; fileEncoding = 4; lastKnownFileType = sourcecode.c.h; path = TeamManager.h; sourceTree = "<group>"; };
		111B66AB168D625800655CB6 /* TelnetTransport.h */ = {isa = PBXFileReference; fileEncoding = 4; lastKnownFileType = sourcecode.c.h; path = TelnetTransport.h; sourceTree = "<group>"; };
		111B66AC168D625800655CB6 /* ThreadPool.h */ = {isa = PBXFileReference; fileEncoding = 4; lastKnownFileType = sourcecode.c.h; path = ThreadPool.h; sourceTree = "<group>"; };
		111B66AD168D625800655CB6 /* ThreadsafePacketLogger.h */ = {isa = PBXFileReference; fileEncoding = 4; lastKnownFileType = sourcecode.c.h; path = ThreadsafePacketLogger.h; sourceTree = "<group>"; };
		111B66AE168D625800655CB6 /* TransportInterface.h */ = {isa = PBXFileReference; fileEncoding = 4; lastKnownFileType = sourcecode.c.h; path = TransportInterface.h; sourceTree = "<group>"; };
		111B66AF168D625800655CB6 /* TwoWayAuthentication.h */ = {isa = PBXFileReference; fileEncoding = 4; lastKnownFileType = sourcecode.c.h; path = TwoWayAuthentication.h; sourceTree = "<group>"; };
		111B66B0168D625800655CB6 /* UDPForwarder.h */ = {isa = PBXFileReference; fileEncoding = 4; lastKnownFileType = sourcecode.c.h; path = UDPForwarder.h; sourceTree = "<group>"; };
		111B66B1168D625800655CB6 /* UDPProxyClient.h */ = {isa = PBXFileReference; fileEncoding = 4; lastKnownFileType = sourcecode.c.h; path = UDPProxyClient.h; sourceTree = "<group>"; };
		111B66B2168D625800655CB6 /* UDPProxyCommon.h */ = {isa = PBXFileReference; fileEncoding = 4; lastKnownFileType = sourcecode.c.h; path = UDPProxyCommon.h; sourceTree = "<group>"; };
		111B66B3168D625800655CB6 /* UDPProxyCoordinator.h */ = {isa = PBXFileReference; fileEncoding = 4; lastKnownFileType = sourcecode.c.h; path = UDPProxyCoordinator.h; sourceTree = "<group>"; };
		111B66B4168D625800655CB6 /* UDPProxyServer.h */ = {isa = PBXFileReference; fileEncoding = 4; lastKnownFileType = sourcecode.c.h; path = UDPProxyServer.h; sourceTree = "<group>"; };
		111B66B5168D625800655CB6 /* VariableDeltaSerializer.h */ = {isa = PBXFileReference; fileEncoding = 4; lastKnownFileType = sourcecode.c.h; path = VariableDeltaSerializer.h; sourceTree = "<group>"; };
		111B66B6168D625800655CB6 /* VariableListDeltaTracker.h */ = {isa = PBXFileReference; fileEncoding = 4; lastKnownFileType = sourcecode.c.h; path = VariableListDeltaTracker.h; sourceTree = "<group>"; };
		111B66B7168D625800655CB6 /* VariadicSQLParser.h */ = {isa = PBXFileReference; fileEncoding = 4; lastKnownFileType = sourcecode.c.h; path = VariadicSQLParser.h; sourceTree = "<group>"; };
		111B66B8168D625800655CB6 /* VitaIncludes.h */ = {isa = PBXFileReference; fileEncoding = 4; lastKnownFileType = sourcecode.c.h; path = VitaIncludes.h; sourceTree = "<group>"; };
		111B66B9168D625800655CB6 /* WindowsIncludes.h */ = {isa = PBXFileReference; fileEncoding = 4; lastKnownFileType = sourcecode.c.h; path = WindowsIncludes.h; sourceTree = "<group>"; };
		111B66BA168D625800655CB6 /* WSAStartupSingleton.h */ = {isa = PBXFileReference; fileEncoding = 4; lastKnownFileType = sourcecode.c.h; path = WSAStartupSingleton.h; sourceTree = "<group>"; };
		111B66BB168D625800655CB6 /* XBox360Includes.h */ = {isa = PBXFileReference; fileEncoding = 4; lastKnownFileType = sourcecode.c.h; path = XBox360Includes.h; sourceTree = "<group>"; };
		111B66BD168D625800655CB6 /* speex.h */ = {isa = PBXFileReference; fileEncoding = 4; lastKnownFileType = sourcecode.c.h; path = speex.h; sourceTree = "<group>"; };
		111B66BE168D625800655CB6 /* speex_bits.h */ = {isa = PBXFileReference; fileEncoding = 4; lastKnownFileType = sourcecode.c.h; path = speex_bits.h; sourceTree = "<group>"; };
		111B66BF168D625800655CB6 /* speex_buffer.h */ = {isa = PBXFileReference; fileEncoding = 4; lastKnownFileType = sourcecode.c.h; path = speex_buffer.h; sourceTree = "<group>"; };
		111B66C0168D625800655CB6 /* speex_callbacks.h */ = {isa = PBXFileReference; fileEncoding = 4; lastKnownFileType = sourcecode.c.h; path = speex_callbacks.h; sourceTree = "<group>"; };
		111B66C1168D625800655CB6 /* speex_config_types.h */ = {isa = PBXFileReference; fileEncoding = 4; lastKnownFileType = sourcecode.c.h; path = speex_config_types.h; sourceTree = "<group>"; };
		111B66C2168D625800655CB6 /* speex_echo.h */ = {isa = PBXFileReference; fileEncoding = 4; lastKnownFileType = sourcecode.c.h; path = speex_echo.h; sourceTree = "<group>"; };
		111B66C3168D625800655CB6 /* speex_header.h */ = {isa = PBXFileReference; fileEncoding = 4; lastKnownFileType = sourcecode.c.h; path = speex_header.h; sourceTree = "<group>"; };
		111B66C4168D625800655CB6 /* speex_jitter.h */ = {isa = PBXFileReference; fileEncoding = 4; lastKnownFileType = sourcecode.c.h; path = speex_jitter.h; sourceTree = "<group>"; };
		111B66C5168D625800655CB6 /* speex_preprocess.h */ = {isa = PBXFileReference; fileEncoding = 4; lastKnownFileType = sourcecode.c.h; path = speex_preprocess.h; sourceTree = "<group>"; };
		111B66C6168D625800655CB6 /* speex_resampler.h */ = {isa = PBXFileReference; fileEncoding = 4; lastKnownFileType = sourcecode.c.h; path = speex_resampler.h; sourceTree = "<group>"; };
		111B66C7168D625800655CB6 /* speex_stereo.h */ = {isa = PBXFileReference; fileEncoding = 4; lastKnownFileType = sourcecode.c.h; path = speex_stereo.h; sourceTree = "<group>"; };
		111B66C8168D625800655CB6 /* speex_types.h */ = {isa = PBXFileReference; fileEncoding = 4; lastKnownFileType = sourcecode.c.h; path = speex_types.h; sourceTree = "<group>"; };
		111B66CB168D625800655CB6 /* libFmodex.a */ = {isa = PBXFileReference; lastKnownFileType = archive.ar; path = libFmodex.a; sourceTree = "<group>"; };
		111B66D1168D625800655CB6 /* libRankNet.a */ = {isa = PBXFileReference; lastKnownFileType = archive.ar; path = libRankNet.a; sourceTree = "<group>"; };
		111B66D3168D625800655CB6 /* libspeex.a */ = {isa = PBXFileReference; lastKnownFileType = archive.ar; path = libspeex.a; sourceTree = "<group>"; };
		111B66D4168D625800655CB6 /* libspeexdsp.a */ = {isa = PBXFileReference; lastKnownFileType = archive.ar; path = libspeexdsp.a; sourceTree = "<group>"; };
		111B66DB168D628200655CB6 /* testSendCase.cpp */ = {isa = PBXFileReference; fileEncoding = 4; lastKnownFileType = sourcecode.cpp.cpp; name = testSendCase.cpp; path = IMCPlusPlusForMacProj/testSendCase.cpp; sourceTree = "<group>"; };
		111B66DD168D62C500655CB6 /* AudioToolbox.framework */ = {isa = PBXFileReference; lastKnownFileType = wrapper.framework; name = AudioToolbox.framework; path = System/Library/Frameworks/AudioToolbox.framework; sourceTree = SDKROOT; };
		111B66F9168D67B700655CB6 /* AudioUnit.framework */ = {isa = PBXFileReference; lastKnownFileType = wrapper.framework; name = AudioUnit.framework; path = System/Library/Frameworks/AudioUnit.framework; sourceTree = SDKROOT; };
		111B66FB168D67CB00655CB6 /* Foundation.framework */ = {isa = PBXFileReference; lastKnownFileType = wrapper.framework; name = Foundation.framework; path = System/Library/Frameworks/Foundation.framework; sourceTree = SDKROOT; };
		111B6701168D745700655CB6 /* CoreAudio.framework */ = {isa = PBXFileReference; lastKnownFileType = wrapper.framework; name = CoreAudio.framework; path = System/Library/Frameworks/CoreAudio.framework; sourceTree = SDKROOT; };
		111B6714168D9A4C00655CB6 /* libfmodex.dylib */ = {isa = PBXFileReference; lastKnownFileType = "compiled.mach-o.dylib"; path = libfmodex.dylib; sourceTree = "<group>"; };
		111B671A168D9B1E00655CB6 /* libminiupnp.a */ = {isa = PBXFileReference; lastKnownFileType = archive.ar; path = libminiupnp.a; sourceTree = "<group>"; };
		111B6724168D9F7500655CB6 /* libNatworkEngineApi.a */ = {isa = PBXFileReference; lastKnownFileType = archive.ar; name = libNatworkEngineApi.a; path = ../../../../../IMProjectApp/IMProject/IMProject/Libs/libNatworkEngine/libNatworkEngineApi.a; sourceTree = "<group>"; };
		585961931681A8F7005D11BC /* IMCPlusPlusForMacProj */ = {isa = PBXFileReference; explicitFileType = "compiled.mach-o.executable"; includeInIndex = 0; path = IMCPlusPlusForMacProj; sourceTree = BUILT_PRODUCTS_DIR; };
/* End PBXFileReference section */

/* Begin PBXFrameworksBuildPhase section */
		585961901681A8F7005D11BC /* Frameworks */ = {
			isa = PBXFrameworksBuildPhase;
			buildActionMask = 2147483647;
			files = (
				111B6702168D745700655CB6 /* CoreAudio.framework in Frameworks */,
				111B66FC168D67CB00655CB6 /* Foundation.framework in Frameworks */,
				111B66FA168D67B700655CB6 /* AudioUnit.framework in Frameworks */,
				111B66DE168D62C500655CB6 /* AudioToolbox.framework in Frameworks */,
				111B66D5168D625800655CB6 /* libFmodex.a in Frameworks */,
				111B66D8168D625800655CB6 /* libRankNet.a in Frameworks */,
				111B66D9168D625800655CB6 /* libspeex.a in Frameworks */,
				111B66DA168D625800655CB6 /* libspeexdsp.a in Frameworks */,
				111B6715168D9A4C00655CB6 /* libfmodex.dylib in Frameworks */,
				111B671B168D9B1E00655CB6 /* libminiupnp.a in Frameworks */,
				111B6725168D9F7500655CB6 /* libNatworkEngineApi.a in Frameworks */,
			);
			runOnlyForDeploymentPostprocessing = 0;
		};
/* End PBXFrameworksBuildPhase section */

/* Begin PBXGroup section */
		111B6600168D625800655CB6 /* Headers */ = {
			isa = PBXGroup;
			children = (
				111B6601168D625800655CB6 /* Fmodex */,
				111B660A168D625800655CB6 /* MiniUpnp */,
				111B661B168D625800655CB6 /* NatworkEngine */,
				111B6625168D625800655CB6 /* RankNet */,
				111B66BC168D625800655CB6 /* Speex */,
			);
			name = Headers;
			path = IMCPlusPlusForMacProj/Headers;
			sourceTree = "<group>";
		};
		111B6601168D625800655CB6 /* Fmodex */ = {
			isa = PBXGroup;
			children = (
				111B6602168D625800655CB6 /* fmod.h */,
				111B6603168D625800655CB6 /* fmod.hpp */,
				111B6604168D625800655CB6 /* fmod_codec.h */,
				111B6605168D625800655CB6 /* fmod_dsp.h */,
				111B6606168D625800655CB6 /* fmod_errors.h */,
				111B6607168D625800655CB6 /* fmod_memoryinfo.h */,
				111B6608168D625800655CB6 /* fmod_output.h */,
				111B6609168D625800655CB6 /* fmodiphone.h */,
			);
			path = Fmodex;
			sourceTree = "<group>";
		};
		111B660A168D625800655CB6 /* MiniUpnp */ = {
			isa = PBXGroup;
			children = (
				111B660B168D625800655CB6 /* bsdqueue.h */,
				111B660C168D625800655CB6 /* codelength.h */,
				111B660D168D625800655CB6 /* connecthostport.h */,
				111B660E168D625800655CB6 /* declspec.h */,
				111B660F168D625800655CB6 /* igd_desc_parse.h */,
				111B6610168D625800655CB6 /* minisoap.h */,
				111B6611168D625800655CB6 /* minissdpc.h */,
				111B6612168D625800655CB6 /* miniupnpc.h */,
				111B6613168D625800655CB6 /* miniupnpctypes.h */,
				111B6614168D625800655CB6 /* miniwget.h */,
				111B6615168D625800655CB6 /* minixml.h */,
				111B6616168D625800655CB6 /* portlistingparse.h */,
				111B6617168D625800655CB6 /* receivedata.h */,
				111B6618168D625800655CB6 /* upnpcommands.h */,
				111B6619168D625800655CB6 /* upnperrors.h */,
				111B661A168D625800655CB6 /* upnpreplyparse.h */,
			);
			path = MiniUpnp;
			sourceTree = "<group>";
		};
		111B661B168D625800655CB6 /* NatworkEngine */ = {
			isa = PBXGroup;
			children = (
				111B661C168D625800655CB6 /* communicationProtocol.h */,
				111B661D168D625800655CB6 /* debug.h */,
				111B661E168D625800655CB6 /* errorNumber.h */,
				111B661F168D625800655CB6 /* FMODVoiceAdapter.h */,
				111B6620168D625800655CB6 /* globalAPI.h */,
				111B6621168D625800655CB6 /* privateDefine.h */,
				111B6622168D625800655CB6 /* UMainControler.h */,
				111B6623168D625800655CB6 /* UPacketProcessor.h */,
				111B6624168D625800655CB6 /* usrConfigDefine.h */,
			);
			path = NatworkEngine;
			sourceTree = "<group>";
		};
		111B6625168D625800655CB6 /* RankNet */ = {
			isa = PBXGroup;
			children = (
				111B6626168D625800655CB6 /* _FindFirst.h */,
				111B6627168D625800655CB6 /* AutopatcherPatchContext.h */,
				111B6628168D625800655CB6 /* AutopatcherRepositoryInterface.h */,
				111B6629168D625800655CB6 /* BitStream.h */,
				111B662A168D625800655CB6 /* CCRakNetSlidingWindow.h */,
				111B662B168D625800655CB6 /* CCRakNetUDT.h */,
				111B662C168D625800655CB6 /* CheckSum.h */,
				111B662D168D625800655CB6 /* CloudClient.h */,
				111B662E168D625800655CB6 /* CloudCommon.h */,
				111B662F168D625800655CB6 /* CloudServer.h */,
				111B6630168D625800655CB6 /* CommandParserInterface.h */,
				111B6631168D625800655CB6 /* ConnectionGraph2.h */,
				111B6632168D625800655CB6 /* ConsoleServer.h */,
				111B6633168D625800655CB6 /* DataCompressor.h */,
				111B6634168D625800655CB6 /* DirectoryDeltaTransfer.h */,
				111B6635168D625800655CB6 /* DS_BinarySearchTree.h */,
				111B6636168D625800655CB6 /* DS_BPlusTree.h */,
				111B6637168D625800655CB6 /* DS_BytePool.h */,
				111B6638168D625800655CB6 /* DS_ByteQueue.h */,
				111B6639168D625800655CB6 /* DS_Hash.h */,
				111B663A168D625800655CB6 /* DS_Heap.h */,
				111B663B168D625800655CB6 /* DS_HuffmanEncodingTree.h */,
				111B663C168D625800655CB6 /* DS_HuffmanEncodingTreeFactory.h */,
				111B663D168D625800655CB6 /* DS_HuffmanEncodingTreeNode.h */,
				111B663E168D625800655CB6 /* DS_LinkedList.h */,
				111B663F168D625800655CB6 /* DS_List.h */,
				111B6640168D625800655CB6 /* DS_Map.h */,
				111B6641168D625800655CB6 /* DS_MemoryPool.h */,
				111B6642168D625800655CB6 /* DS_Multilist.h */,
				111B6643168D625800655CB6 /* DS_OrderedChannelHeap.h */,
				111B6644168D625800655CB6 /* DS_OrderedList.h */,
				111B6645168D625800655CB6 /* DS_Queue.h */,
				111B6646168D625800655CB6 /* DS_QueueLinkedList.h */,
				111B6647168D625800655CB6 /* DS_RangeList.h */,
				111B6648168D625800655CB6 /* DS_Table.h */,
				111B6649168D625800655CB6 /* DS_ThreadsafeAllocatingQueue.h */,
				111B664A168D625800655CB6 /* DS_Tree.h */,
				111B664B168D625800655CB6 /* DS_WeightedGraph.h */,
				111B664C168D625800655CB6 /* DynDNS.h */,
				111B664D168D625800655CB6 /* EmailSender.h */,
				111B664E168D625800655CB6 /* EpochTimeToString.h */,
				111B664F168D625800655CB6 /* Export.h */,
				111B6650168D625800655CB6 /* FileList.h */,
				111B6651168D625800655CB6 /* FileListNodeContext.h */,
				111B6652168D625800655CB6 /* FileListTransfer.h */,
				111B6653168D625800655CB6 /* FileListTransferCBInterface.h */,
				111B6654168D625800655CB6 /* FileOperations.h */,
				111B6655168D625800655CB6 /* FormatString.h */,
				111B6656168D625800655CB6 /* FullyConnectedMesh2.h */,
				111B6657168D625800655CB6 /* Getche.h */,
				111B6658168D625800655CB6 /* Gets.h */,
				111B6659168D625800655CB6 /* GetTime.h */,
				111B665A168D625800655CB6 /* gettimeofday.h */,
				111B665B168D625800655CB6 /* GridSectorizer.h */,
				111B665C168D625800655CB6 /* HTTPConnection.h */,
				111B665D168D625800655CB6 /* IncrementalReadInterface.h */,
				111B665E168D625800655CB6 /* InternalPacket.h */,
				111B665F168D625800655CB6 /* Itoa.h */,
				111B6660168D625800655CB6 /* Kbhit.h */,
				111B6661168D625800655CB6 /* LinuxStrings.h */,
				111B6662168D625800655CB6 /* LocklessTypes.h */,
				111B6663168D625800655CB6 /* LogCommandParser.h */,
				111B6664168D625800655CB6 /* MessageFilter.h */,
				111B6665168D625800655CB6 /* MessageIdentifiers.h */,
				111B6666168D625800655CB6 /* MTUSize.h */,
				111B6667168D625800655CB6 /* NativeFeatureIncludes.h */,
				111B6668168D625800655CB6 /* NativeFeatureIncludesOverrides.h */,
				111B6669168D625800655CB6 /* NativeTypes.h */,
				111B666A168D625800655CB6 /* NatPunchthroughClient.h */,
				111B666B168D625800655CB6 /* NatPunchthroughServer.h */,
				111B666C168D625800655CB6 /* NatTypeDetectionClient.h */,
				111B666D168D625800655CB6 /* NatTypeDetectionCommon.h */,
				111B666E168D625800655CB6 /* NatTypeDetectionServer.h */,
				111B666F168D625800655CB6 /* NetworkIDManager.h */,
				111B6670168D625800655CB6 /* NetworkIDObject.h */,
				111B6671168D625800655CB6 /* PacketConsoleLogger.h */,
				111B6672168D625800655CB6 /* PacketFileLogger.h */,
				111B6673168D625800655CB6 /* PacketizedTCP.h */,
				111B6674168D625800655CB6 /* PacketLogger.h */,
				111B6675168D625800655CB6 /* PacketOutputWindowLogger.h */,
				111B6676168D625800655CB6 /* PacketPool.h */,
				111B6677168D625800655CB6 /* PacketPriority.h */,
				111B6678168D625800655CB6 /* PluginInterface2.h */,
				111B6679168D625800655CB6 /* PS3Includes.h */,
				111B667A168D625800655CB6 /* Rackspace.h */,
				111B667B168D625800655CB6 /* RakAlloca.h */,
				111B667C168D625800655CB6 /* RakAssert.h */,
				111B667D168D625800655CB6 /* RakMemoryOverride.h */,
				111B667E168D625800655CB6 /* RakNetCommandParser.h */,
				111B667F168D625800655CB6 /* RakNetDefines.h */,
				111B6680168D625800655CB6 /* RakNetDefinesOverrides.h */,
				111B6681168D625800655CB6 /* RakNetSmartPtr.h */,
				111B6682168D625800655CB6 /* RakNetSocket.h */,
				111B6683168D625800655CB6 /* RakNetStatistics.h */,
				111B6684168D625800655CB6 /* RakNetTime.h */,
				111B6685168D625800655CB6 /* RakNetTransport2.h */,
				111B6686168D625800655CB6 /* RakNetTypes.h */,
				111B6687168D625800655CB6 /* RakNetVersion.h */,
				111B6688168D625800655CB6 /* RakPeer.h */,
				111B6689168D625800655CB6 /* RakPeerInterface.h */,
				111B668A168D625800655CB6 /* RakSleep.h */,
				111B668B168D625800655CB6 /* RakString.h */,
				111B668C168D625800655CB6 /* RakThread.h */,
				111B668D168D625800655CB6 /* RakVoice.h */,
				111B668E168D625800655CB6 /* RakWString.h */,
				111B668F168D625800655CB6 /* Rand.h */,
				111B6690168D625800655CB6 /* rdlmalloc-options.h */,
				111B6691168D625800655CB6 /* rdlmalloc.h */,
				111B6692168D625800655CB6 /* ReadyEvent.h */,
				111B6693168D625800655CB6 /* RefCountedObj.h */,
				111B6694168D625800655CB6 /* ReliabilityLayer.h */,
				111B6695168D625800655CB6 /* ReplicaEnums.h */,
				111B6696168D625800655CB6 /* ReplicaManager3.h */,
				111B6697168D625800655CB6 /* Router2.h */,
				111B6698168D625800655CB6 /* RPC4Plugin.h */,
				111B6699168D625800655CB6 /* SecureHandshake.h */,
				111B669A168D625800655CB6 /* SendToThread.h */,
				111B669B168D625800655CB6 /* SHA1.h */,
				111B669C168D625800655CB6 /* SignaledEvent.h */,
				111B669D168D625800655CB6 /* SimpleMutex.h */,
				111B669E168D625800655CB6 /* SimpleTCPServer.h */,
				111B669F168D625800655CB6 /* SingleProducerConsumer.h */,
				111B66A0168D625800655CB6 /* SocketDefines.h */,
				111B66A1168D625800655CB6 /* SocketIncludes.h */,
				111B66A2168D625800655CB6 /* SocketLayer.h */,
				111B66A3168D625800655CB6 /* StatisticsHistory.h */,
				111B66A4168D625800655CB6 /* StringCompressor.h */,
				111B66A5168D625800655CB6 /* StringTable.h */,
				111B66A6168D625800655CB6 /* SuperFastHash.h */,
				111B66A7168D625800655CB6 /* TableSerializer.h */,
				111B66A8168D625800655CB6 /* TCPInterface.h */,
				111B66A9168D625800655CB6 /* TeamBalancer.h */,
				111B66AA168D625800655CB6 /* TeamManager.h */,
				111B66AB168D625800655CB6 /* TelnetTransport.h */,
				111B66AC168D625800655CB6 /* ThreadPool.h */,
				111B66AD168D625800655CB6 /* ThreadsafePacketLogger.h */,
				111B66AE168D625800655CB6 /* TransportInterface.h */,
				111B66AF168D625800655CB6 /* TwoWayAuthentication.h */,
				111B66B0168D625800655CB6 /* UDPForwarder.h */,
				111B66B1168D625800655CB6 /* UDPProxyClient.h */,
				111B66B2168D625800655CB6 /* UDPProxyCommon.h */,
				111B66B3168D625800655CB6 /* UDPProxyCoordinator.h */,
				111B66B4168D625800655CB6 /* UDPProxyServer.h */,
				111B66B5168D625800655CB6 /* VariableDeltaSerializer.h */,
				111B66B6168D625800655CB6 /* VariableListDeltaTracker.h */,
				111B66B7168D625800655CB6 /* VariadicSQLParser.h */,
				111B66B8168D625800655CB6 /* VitaIncludes.h */,
				111B66B9168D625800655CB6 /* WindowsIncludes.h */,
				111B66BA168D625800655CB6 /* WSAStartupSingleton.h */,
				111B66BB168D625800655CB6 /* XBox360Includes.h */,
			);
			path = RankNet;
			sourceTree = "<group>";
		};
		111B66BC168D625800655CB6 /* Speex */ = {
			isa = PBXGroup;
			children = (
				111B66BD168D625800655CB6 /* speex.h */,
				111B66BE168D625800655CB6 /* speex_bits.h */,
				111B66BF168D625800655CB6 /* speex_buffer.h */,
				111B66C0168D625800655CB6 /* speex_callbacks.h */,
				111B66C1168D625800655CB6 /* speex_config_types.h */,
				111B66C2168D625800655CB6 /* speex_echo.h */,
				111B66C3168D625800655CB6 /* speex_header.h */,
				111B66C4168D625800655CB6 /* speex_jitter.h */,
				111B66C5168D625800655CB6 /* speex_preprocess.h */,
				111B66C6168D625800655CB6 /* speex_resampler.h */,
				111B66C7168D625800655CB6 /* speex_stereo.h */,
				111B66C8168D625800655CB6 /* speex_types.h */,
			);
			path = Speex;
			sourceTree = "<group>";
		};
		111B66C9168D625800655CB6 /* Libs */ = {
			isa = PBXGroup;
			children = (
				111B66CA168D625800655CB6 /* libFmod */,
				111B66CC168D625800655CB6 /* libMiniUpnp */,
				111B66CE168D625800655CB6 /* libNatworkEngine */,
				111B66D0168D625800655CB6 /* libRankNet */,
				111B66D2168D625800655CB6 /* libSpeex */,
			);
			name = Libs;
			path = IMCPlusPlusForMacProj/Libs;
			sourceTree = "<group>";
		};
		111B66CA168D625800655CB6 /* libFmod */ = {
			isa = PBXGroup;
			children = (
				111B6714168D9A4C00655CB6 /* libfmodex.dylib */,
				111B66CB168D625800655CB6 /* libFmodex.a */,
			);
			path = libFmod;
			sourceTree = "<group>";
		};
		111B66CC168D625800655CB6 /* libMiniUpnp */ = {
			isa = PBXGroup;
			children = (
				111B671A168D9B1E00655CB6 /* libminiupnp.a */,
			);
			path = libMiniUpnp;
			sourceTree = "<group>";
		};
		111B66CE168D625800655CB6 /* libNatworkEngine */ = {
			isa = PBXGroup;
			children = (
				111B6724168D9F7500655CB6 /* libNatworkEngineApi.a */,
			);
			path = libNatworkEngine;
			sourceTree = "<group>";
		};
		111B66D0168D625800655CB6 /* libRankNet */ = {
			isa = PBXGroup;
			children = (
				111B66D1168D625800655CB6 /* libRankNet.a */,
			);
			path = libRankNet;
			sourceTree = "<group>";
		};
		111B66D2168D625800655CB6 /* libSpeex */ = {
			isa = PBXGroup;
			children = (
				111B66D3168D625800655CB6 /* libspeex.a */,
				111B66D4168D625800655CB6 /* libspeexdsp.a */,
			);
			path = libSpeex;
			sourceTree = "<group>";
		};
		585961881681A8F7005D11BC = {
			isa = PBXGroup;
			children = (
				111B6701168D745700655CB6 /* CoreAudio.framework */,
				111B66FB168D67CB00655CB6 /* Foundation.framework */,
				111B66F9168D67B700655CB6 /* AudioUnit.framework */,
				111B66DD168D62C500655CB6 /* AudioToolbox.framework */,
				111B66DB168D628200655CB6 /* testSendCase.cpp */,
				111B6600168D625800655CB6 /* Headers */,
				111B66C9168D625800655CB6 /* Libs */,
				585961941681A8F7005D11BC /* Products */,
			);
			sourceTree = "<group>";
		};
		585961941681A8F7005D11BC /* Products */ = {
			isa = PBXGroup;
			children = (
				585961931681A8F7005D11BC /* IMCPlusPlusForMacProj */,
			);
			name = Products;
			sourceTree = "<group>";
		};
/* End PBXGroup section */

/* Begin PBXNativeTarget section */
		585961921681A8F7005D11BC /* IMCPlusPlusForMacProj */ = {
			isa = PBXNativeTarget;
			buildConfigurationList = 5859619D1681A8F8005D11BC /* Build configuration list for PBXNativeTarget "IMCPlusPlusForMacProj" */;
			buildPhases = (
				5859618F1681A8F7005D11BC /* Sources */,
				585961901681A8F7005D11BC /* Frameworks */,
				585961911681A8F7005D11BC /* CopyFiles */,
			);
			buildRules = (
			);
			dependencies = (
			);
			name = IMCPlusPlusForMacProj;
			productName = IMCPlusPlusForMacProj;
			productReference = 585961931681A8F7005D11BC /* IMCPlusPlusForMacProj */;
			productType = "com.apple.product-type.tool";
		};
/* End PBXNativeTarget section */

/* Begin PBXProject section */
		5859618A1681A8F7005D11BC /* Project object */ = {
			isa = PBXProject;
			attributes = {
				LastUpgradeCheck = 0430;
				ORGANIZATIONNAME = WiMi;
			};
			buildConfigurationList = 5859618D1681A8F7005D11BC /* Build configuration list for PBXProject "IMCPlusPlusForMacProj" */;
			compatibilityVersion = "Xcode 3.2";
			developmentRegion = English;
			hasScannedForEncodings = 0;
			knownRegions = (
				en,
			);
			mainGroup = 585961881681A8F7005D11BC;
			productRefGroup = 585961941681A8F7005D11BC /* Products */;
			projectDirPath = "";
			projectRoot = "";
			targets = (
				585961921681A8F7005D11BC /* IMCPlusPlusForMacProj */,
			);
		};
/* End PBXProject section */

/* Begin PBXSourcesBuildPhase section */
		5859618F1681A8F7005D11BC /* Sources */ = {
			isa = PBXSourcesBuildPhase;
			buildActionMask = 2147483647;
			files = (
				111B66DC168D628200655CB6 /* testSendCase.cpp in Sources */,
			);
			runOnlyForDeploymentPostprocessing = 0;
		};
/* End PBXSourcesBuildPhase section */

/* Begin XCBuildConfiguration section */
		5859619B1681A8F7005D11BC /* Debug */ = {
			isa = XCBuildConfiguration;
			buildSettings = {
				ALWAYS_SEARCH_USER_PATHS = NO;
				ARCHS = "$(ARCHS_STANDARD_64_BIT)";
				COPY_PHASE_STRIP = NO;
				GCC_C_LANGUAGE_STANDARD = gnu99;
				GCC_DYNAMIC_NO_PIC = NO;
				GCC_ENABLE_OBJC_EXCEPTIONS = YES;
				GCC_OPTIMIZATION_LEVEL = 0;
				GCC_PREPROCESSOR_DEFINITIONS = "";
				GCC_SYMBOLS_PRIVATE_EXTERN = NO;
				GCC_VERSION = com.apple.compilers.llvm.clang.1_0;
				GCC_WARN_64_TO_32_BIT_CONVERSION = YES;
				GCC_WARN_ABOUT_RETURN_TYPE = YES;
				GCC_WARN_UNINITIALIZED_AUTOS = YES;
				GCC_WARN_UNUSED_VARIABLE = YES;
				HEADER_SEARCH_PATHS = "/Users/mac-mini/Projects/Demos/IMCPlusPlusForMacProj/IMCPlusPlusForMacProj/Headers/fmod/**";
				"HEADER_SEARCH_PATHS[arch=*]" = "/Users/mac-mini/Projects/Demos/IMCPlusPlusForMacProj/IMCPlusPlusForMacProj/RankNet";
				LIBRARY_SEARCH_PATHS = "/Users/mac-mini/Projects/Demos/IMDemoTest/IMCPlusPlusForMacProj/IMCPlusPlusForMacProj/Libs/libFmod";
				"LIBRARY_SEARCH_PATHS[arch=*]" = "/Users/mac-mini/Projects/Demos/IMDemoTest/IMCPlusPlusForMacProj/IMCPlusPlusForMacProj/Libs/libSpeex";
				MACOSX_DEPLOYMENT_TARGET = 10.7;
				ONLY_ACTIVE_ARCH = YES;
				SDKROOT = macosx;
				USER_HEADER_SEARCH_PATHS = "/Users/mac-mini/Projects/Demos/IMCPlusPlusForMacProj/IMCPlusPlusForMacProj/Headers/fmod";
			};
			name = Debug;
		};
		5859619C1681A8F7005D11BC /* Release */ = {
			isa = XCBuildConfiguration;
			buildSettings = {
				ALWAYS_SEARCH_USER_PATHS = NO;
				ARCHS = "$(ARCHS_STANDARD_64_BIT)";
				COPY_PHASE_STRIP = YES;
				DEBUG_INFORMATION_FORMAT = "dwarf-with-dsym";
				GCC_C_LANGUAGE_STANDARD = gnu99;
				GCC_ENABLE_OBJC_EXCEPTIONS = YES;
				GCC_VERSION = com.apple.compilers.llvm.clang.1_0;
				GCC_WARN_64_TO_32_BIT_CONVERSION = YES;
				GCC_WARN_ABOUT_RETURN_TYPE = YES;
				GCC_WARN_UNINITIALIZED_AUTOS = YES;
				GCC_WARN_UNUSED_VARIABLE = YES;
				HEADER_SEARCH_PATHS = "/Users/mac-mini/Projects/Demos/IMCPlusPlusForMacProj/IMCPlusPlusForMacProj/Headers/fmod/**";
				"HEADER_SEARCH_PATHS[arch=*]" = "/Users/mac-mini/Projects/Demos/IMCPlusPlusForMacProj/IMCPlusPlusForMacProj/Headers/fmod";
				LIBRARY_SEARCH_PATHS = "/Users/mac-mini/Projects/Demos/IMDemoTest/IMCPlusPlusForMacProj/IMCPlusPlusForMacProj/Libs/libFmod";
				"LIBRARY_SEARCH_PATHS[arch=*]" = "/Users/mac-mini/Projects/Demos/IMDemoTest/IMCPlusPlusForMacProj/IMCPlusPlusForMacProj/Libs/libSpeex";
				MACOSX_DEPLOYMENT_TARGET = 10.7;
				SDKROOT = macosx;
				USER_HEADER_SEARCH_PATHS = "/Users/mac-mini/Projects/Demos/IMCPlusPlusForMacProj/IMCPlusPlusForMacProj/Headers/fmod";
			};
			name = Release;
		};
		5859619E1681A8F8005D11BC /* Debug */ = {
			isa = XCBuildConfiguration;
			buildSettings = {
				ARCHS = "$(ARCHS_STANDARD_32_BIT)";
				HEADER_SEARCH_PATHS = "/Users/mac-mini/Projects/Demos/IMDemoTest/IMCPlusPlusForMacProj/IMCPlusPlusForMacProj/Headers";
				"HEADER_SEARCH_PATHS[arch=*]" = "/Users/mac-mini/Projects/Demos/IMDemoTest/IMCPlusPlusForMacProj/IMCPlusPlusForMacProj/RankNet";
				LIBRARY_SEARCH_PATHS = (
					"$(inherited)",
					"\"$(SRCROOT)/IMCPlusPlusForMacProj/Libs\"",
					"\"$(SRCROOT)/IMCPlusPlusForMacProj/Libs/libFmod\"",
					"\"$(SRCROOT)/IMCPlusPlusForMacProj/Libs/libMiniUpnp\"",
					"\"$(SRCROOT)/IMCPlusPlusForMacProj/Libs/libNatworkEngine\"",
					"\"$(SRCROOT)/IMCPlusPlusForMacProj/Libs/libRankNet\"",
					"\"$(SRCROOT)/IMCPlusPlusForMacProj/Libs/libSpeex\"",
					"\"$(SRCROOT)/../../IMProjectApp/IMProject/IMProject/Libs/libNatworkEngine\"",
				);
				PRODUCT_NAME = "$(TARGET_NAME)";
			};
			name = Debug;
		};
		5859619F1681A8F8005D11BC /* Release */ = {
			isa = XCBuildConfiguration;
			buildSettings = {
				ARCHS = "$(ARCHS_STANDARD_32_BIT)";
				HEADER_SEARCH_PATHS = "/Users/mac-mini/Projects/Demos/IMDemoTest/IMCPlusPlusForMacProj/IMCPlusPlusForMacProj/Headers";
				"HEADER_SEARCH_PATHS[arch=*]" = "/Users/mac-mini/Projects/Demos/IMDemoTest/IMCPlusPlusForMacProj/IMCPlusPlusForMacProj/RankNet";
				LIBRARY_SEARCH_PATHS = (
					"$(inherited)",
					"\"$(SRCROOT)/IMCPlusPlusForMacProj/Libs\"",
					"\"$(SRCROOT)/IMCPlusPlusForMacProj/Libs/libFmod\"",
					"\"$(SRCROOT)/IMCPlusPlusForMacProj/Libs/libMiniUpnp\"",
					"\"$(SRCROOT)/IMCPlusPlusForMacProj/Libs/libNatworkEngine\"",
					"\"$(SRCROOT)/IMCPlusPlusForMacProj/Libs/libRankNet\"",
					"\"$(SRCROOT)/IMCPlusPlusForMacProj/Libs/libSpeex\"",
					"\"$(SRCROOT)/../../IMProjectApp/IMProject/IMProject/Libs/libNatworkEngine\"",
				);
				PRODUCT_NAME = "$(TARGET_NAME)";
			};
			name = Release;
		};
/* End XCBuildConfiguration section */

/* Begin XCConfigurationList section */
		5859618D1681A8F7005D11BC /* Build configuration list for PBXProject "IMCPlusPlusForMacProj" */ = {
			isa = XCConfigurationList;
			buildConfigurations = (
				5859619B1681A8F7005D11BC /* Debug */,
				5859619C1681A8F7005D11BC /* Release */,
			);
			defaultConfigurationIsVisible = 0;
			defaultConfigurationName = Release;
		};
		5859619D1681A8F8005D11BC /* Build configuration list for PBXNativeTarget "IMCPlusPlusForMacProj" */ = {
			isa = XCConfigurationList;
			buildConfigurations = (
				5859619E1681A8F8005D11BC /* Debug */,
				5859619F1681A8F8005D11BC /* Release */,
			);
			defaultConfigurationIsVisible = 0;
			defaultConfigurationName = Release;
		};
/* End XCConfigurationList section */
	};
	rootObject = 5859618A1681A8F7005D11BC /* Project object */;
}
